
Microsoft Visual Studio Solution File, Format Version 12.00
# Visual Studio Version 17
VisualStudioVersion = 17.14.37411.7 d17.14
MinimumVisualStudioVersion = 10.0.40219.1
Project("{FAE04EC0-301F-11D3-BF4B-00C04F79EFBC}") = "TreciProjekat", "TreciProjekat.csproj", "{1674E579-6D21-41C7-AE6F-C9C722B959BA}"
EndProject
Global
	GlobalSection(SolutionConfigurationPlatforms) = preSolution
		Debug|Any CPU = Debug|Any CPU
		Release|Any CPU = Release|Any CPU
	EndGlobalSection
	GlobalSection(ProjectConfigurationPlatforms) = postSolution
		{1674E579-6D21-41C7-AE6F-C9C722B959BA}.Debug|Any CPU.ActiveCfg = Debug|Any CPU
		{1674E579-6D21-41C7-AE6F-C9C722B959BA}.Debug|Any CPU.Build.0 = Debug|Any CPU
		{1674E579-6D21-41C7-AE6F-C9C722B959BA}.Release|Any CPU.ActiveCfg = Release|Any CPU
		{1674E579-6D21-41C7-AE6F-C9C722B959BA}.Release|Any CPU.Build.0 = Release|Any CPU
	EndGlobalSection
	GlobalSection(SolutionProperties) = preSolution
		HideSolutionNode = FALSE
	EndGlobalSection
	GlobalSection(ExtensibilityGlobals) = postSolution
		SolutionGuid = {1AC64803-EA40-4983-9FFC-3304BC319A43}
	EndGlobalSection
EndGlobal
